
Microsoft Visual Studio Solution File, Format Version 12.00
# Visual Studio Version 17
VisualStudioVersion = 17.4.33110.190
MinimumVisualStudioVersion = 10.0.40219.1
Project("{FAE04EC0-301F-11D3-BF4B-00C04F79EFBC}") = "CustomCatTex", "CustomCatTex.csproj", "{6C523991-DE69-4AAE-B4F1-5DC6E946454F}"
EndProject
Global
	GlobalSection(SolutionConfigurationPlatforms) = preSolution
		Debug|Any CPU = Debug|Any CPU
		Release|Any CPU = Release|Any CPU
	EndGlobalSection
	GlobalSection(ProjectConfigurationPlatforms) = postSolution
		{6C523991-DE69-4AAE-B4F1-5DC6E946454F}.Debug|Any CPU.ActiveCfg = Debug|Any CPU
		{6C523991-DE69-4AAE-B4F1-5DC6E946454F}.Debug|Any CPU.Build.0 = Debug|Any CPU
		{6C523991-DE69-4AAE-B4F1-5DC6E946454F}.Release|Any CPU.ActiveCfg = Release|Any CPU
		{6C523991-DE69-4AAE-B4F1-5DC6E946454F}.Release|Any CPU.Build.0 = Release|Any CPU
	EndGlobalSection
	GlobalSection(SolutionProperties) = preSolution
		HideSolutionNode = FALSE
	EndGlobalSection
	GlobalSection(ExtensibilityGlobals) = postSolution
		SolutionGuid = {A185E58B-D315-431D-91CF-682868EA9808}
	EndGlobalSection
EndGlobal
